
Microsoft Visual Studio Solution File, Format Version 12.00
# Visual Studio Version 17
VisualStudioVersion = 17.3.32922.545
MinimumVisualStudioVersion = 10.0.40219.1
Project("{9A19103F-16F7-4668-BE54-9A1E7A4F7556}") = "T3RXEA_HFT_2022231.Models", "T3RXEA_HFT_2022231.Models\T3RXEA_HFT_2022231.Models.csproj", "{B20B577D-D139-41DD-8442-BCC6240D296F}"
EndProject
Project("{9A19103F-16F7-4668-BE54-9A1E7A4F7556}") = "T3RXEA_HFT_2022231.Logic", "T3RXEA_HFT_2022231.Logic\T3RXEA_HFT_2022231.Logic.csproj", "{ACBE7838-B0FF-43BA-AF66-C1499A1D7828}"
EndProject
Project("{9A19103F-16F7-4668-BE54-9A1E7A4F7556}") = "T3RXEA_HFT_2022231.Repository", "T3RXEA_HFT_2022231.Repository\T3RXEA_HFT_2022231.Repository.csproj", "{DD3BE6E0-B8D9-4555-B411-72AD2A28C959}"
EndProject
Project("{9A19103F-16F7-4668-BE54-9A1E7A4F7556}") = "T3RXEA_HFT_2022231.Endpoint", "T3RXEA_HFT_2022231.Endpoint\T3RXEA_HFT_2022231.Endpoint.csproj", "{798FA832-E7F4-4862-BDEB-769003DD0247}"
EndProject
Project("{9A19103F-16F7-4668-BE54-9A1E7A4F7556}") = "T3RXEA_HFT_2022231.Test", "T3RXEA_HFT_2022231.Test\T3RXEA_HFT_2022231.Test.csproj", "{C7CE2C97-34D2-41C5-81EC-C410B79568C9}"
EndProject
Project("{2150E333-8FDC-42A3-9474-1A3956D46DE8}") = "Backend", "Backend", "{A80752AF-3096-44FB-8278-411C112955CA}"
EndProject
Project("{2150E333-8FDC-42A3-9474-1A3956D46DE8}") = "Frontend", "Frontend", "{85D92BE9-7049-4C76-8009-7294A8CBADD6}"
EndProject
Project("{2150E333-8FDC-42A3-9474-1A3956D46DE8}") = "Shared", "Shared", "{289150B9-21C4-483E-9F5D-971514402279}"
EndProject
Project("{9A19103F-16F7-4668-BE54-9A1E7A4F7556}") = "T3RXEA_HFT_2022231.Client", "T3RXEA_HFT_2022231.Client\T3RXEA_HFT_2022231.Client.csproj", "{496BFF9C-E6CE-4403-AD5E-9A89B8927990}"
EndProject
Project("{2150E333-8FDC-42A3-9474-1A3956D46DE8}") = "Others", "Others", "{BA380590-0AAD-4E82-9725-A734ADC2F268}"
	ProjectSection(SolutionItems) = preProject
		.gitignore = .gitignore
	EndProjectSection
EndProject
Project("{FAE04EC0-301F-11D3-BF4B-00C04F79EFBC}") = "GUIFeladat.WpfClient", "GUIFeladat.WpfClient\GUIFeladat.WpfClient.csproj", "{CE44D772-FCAC-4DD1-B8C1-DC4AF4AF25BA}"
EndProject
Global
	GlobalSection(SolutionConfigurationPlatforms) = preSolution
		Debug|Any CPU = Debug|Any CPU
		Release|Any CPU = Release|Any CPU
	EndGlobalSection
	GlobalSection(ProjectConfigurationPlatforms) = postSolution
		{B20B577D-D139-41DD-8442-BCC6240D296F}.Debug|Any CPU.ActiveCfg = Debug|Any CPU
		{B20B577D-D139-41DD-8442-BCC6240D296F}.Debug|Any CPU.Build.0 = Debug|Any CPU
		{B20B577D-D139-41DD-8442-BCC6240D296F}.Release|Any CPU.ActiveCfg = Release|Any CPU
		{B20B577D-D139-41DD-8442-BCC6240D296F}.Release|Any CPU.Build.0 = Release|Any CPU
		{ACBE7838-B0FF-43BA-AF66-C1499A1D7828}.Debug|Any CPU.ActiveCfg = Debug|Any CPU
		{ACBE7838-B0FF-43BA-AF66-C1499A1D7828}.Debug|Any CPU.Build.0 = Debug|Any CPU
		{ACBE7838-B0FF-43BA-AF66-C1499A1D7828}.Release|Any CPU.ActiveCfg = Release|Any CPU
		{ACBE7838-B0FF-43BA-AF66-C1499A1D7828}.Release|Any CPU.Build.0 = Release|Any CPU
		{DD3BE6E0-B8D9-4555-B411-72AD2A28C959}.Debug|Any CPU.ActiveCfg = Debug|Any CPU
		{DD3BE6E0-B8D9-4555-B411-72AD2A28C959}.Debug|Any CPU.Build.0 = Debug|Any CPU
		{DD3BE6E0-B8D9-4555-B411-72AD2A28C959}.Release|Any CPU.ActiveCfg = Release|Any CPU
		{DD3BE6E0-B8D9-4555-B411-72AD2A28C959}.Release|Any CPU.Build.0 = Release|Any CPU
		{798FA832-E7F4-4862-BDEB-769003DD0247}.Debug|Any CPU.ActiveCfg = Debug|Any CPU
		{798FA832-E7F4-4862-BDEB-769003DD0247}.Debug|Any CPU.Build.0 = Debug|Any CPU
		{798FA832-E7F4-4862-BDEB-769003DD0247}.Release|Any CPU.ActiveCfg = Release|Any CPU
		{798FA832-E7F4-4862-BDEB-769003DD0247}.Release|Any CPU.Build.0 = Release|Any CPU
		{C7CE2C97-34D2-41C5-81EC-C410B79568C9}.Debug|Any CPU.ActiveCfg = Debug|Any CPU
		{C7CE2C97-34D2-41C5-81EC-C410B79568C9}.Debug|Any CPU.Build.0 = Debug|Any CPU
		{C7CE2C97-34D2-41C5-81EC-C410B79568C9}.Release|Any CPU.ActiveCfg = Release|Any CPU
		{C7CE2C97-34D2-41C5-81EC-C410B79568C9}.Release|Any CPU.Build.0 = Release|Any CPU
		{496BFF9C-E6CE-4403-AD5E-9A89B8927990}.Debug|Any CPU.ActiveCfg = Debug|Any CPU
		{496BFF9C-E6CE-4403-AD5E-9A89B8927990}.Debug|Any CPU.Build.0 = Debug|Any CPU
		{496BFF9C-E6CE-4403-AD5E-9A89B8927990}.Release|Any CPU.ActiveCfg = Release|Any CPU
		{496BFF9C-E6CE-4403-AD5E-9A89B8927990}.Release|Any CPU.Build.0 = Release|Any CPU
		{CE44D772-FCAC-4DD1-B8C1-DC4AF4AF25BA}.Debug|Any CPU.ActiveCfg = Debug|Any CPU
		{CE44D772-FCAC-4DD1-B8C1-DC4AF4AF25BA}.Debug|Any CPU.Build.0 = Debug|Any CPU
		{CE44D772-FCAC-4DD1-B8C1-DC4AF4AF25BA}.Release|Any CPU.ActiveCfg = Release|Any CPU
		{CE44D772-FCAC-4DD1-B8C1-DC4AF4AF25BA}.Release|Any CPU.Build.0 = Release|Any CPU
	EndGlobalSection
	GlobalSection(SolutionProperties) = preSolution
		HideSolutionNode = FALSE
	EndGlobalSection
	GlobalSection(NestedProjects) = preSolution
		{B20B577D-D139-41DD-8442-BCC6240D296F} = {289150B9-21C4-483E-9F5D-971514402279}
		{ACBE7838-B0FF-43BA-AF66-C1499A1D7828} = {A80752AF-3096-44FB-8278-411C112955CA}
		{DD3BE6E0-B8D9-4555-B411-72AD2A28C959} = {A80752AF-3096-44FB-8278-411C112955CA}
		{798FA832-E7F4-4862-BDEB-769003DD0247} = {A80752AF-3096-44FB-8278-411C112955CA}
		{C7CE2C97-34D2-41C5-81EC-C410B79568C9} = {A80752AF-3096-44FB-8278-411C112955CA}
		{496BFF9C-E6CE-4403-AD5E-9A89B8927990} = {85D92BE9-7049-4C76-8009-7294A8CBADD6}
		{CE44D772-FCAC-4DD1-B8C1-DC4AF4AF25BA} = {85D92BE9-7049-4C76-8009-7294A8CBADD6}
	EndGlobalSection
	GlobalSection(ExtensibilityGlobals) = postSolution
		SolutionGuid = {6D9E4507-C8BE-4BF3-BDA0-F3984EC30234}
	EndGlobalSection
EndGlobal
